
Microsoft Visual Studio Solution File, Format Version 12.00
# Visual Studio Version 16
VisualStudioVersion = 16.0.29215.179
MinimumVisualStudioVersion = 10.0.40219.1
Project("{FAE04EC0-301F-11D3-BF4B-00C04F79EFBC}") = "Web_API_JWT_Bearer_Example", "Web_API_JWT_Bearer_Example.csproj", "{342D4A71-3E43-4557-A980-1DD5F6137BB2}"
EndProject
Global
	GlobalSection(SolutionConfigurationPlatforms) = preSolution
		Debug|Any CPU = Debug|Any CPU
		Release|Any CPU = Release|Any CPU
	EndGlobalSection
	GlobalSection(ProjectConfigurationPlatforms) = postSolution
		{342D4A71-3E43-4557-A980-1DD5F6137BB2}.Debug|Any CPU.ActiveCfg = Debug|Any CPU
		{342D4A71-3E43-4557-A980-1DD5F6137BB2}.Debug|Any CPU.Build.0 = Debug|Any CPU
		{342D4A71-3E43-4557-A980-1DD5F6137BB2}.Release|Any CPU.ActiveCfg = Release|Any CPU
		{342D4A71-3E43-4557-A980-1DD5F6137BB2}.Release|Any CPU.Build.0 = Release|Any CPU
	EndGlobalSection
	GlobalSection(SolutionProperties) = preSolution
		HideSolutionNode = FALSE
	EndGlobalSection
	GlobalSection(ExtensibilityGlobals) = postSolution
		SolutionGuid = {DD4900DE-9AB0-4C04-817A-27A81CA8B166}
	EndGlobalSection
EndGlobal
